{
  "name": "site",
  "version": "1.0.0",
  "lockfileVersion": 3,
  "requires": true,
  "packages": {
    "": {
      "name": "site",
      "version": "1.0.0",
      "license": "ISC",
      "dependencies": {
        "highs": "^1.8.0",
        "yalps": "^0.5.6"
      }
    },
    "node_modules/heap": {
      "version": "0.2.7",
      "resolved": "https://registry.npmjs.org/heap/-/heap-0.2.7.tgz",
      "integrity": "sha512-2bsegYkkHO+h/9MGbn6KWcE45cHZgPANo5LXF7EvWdT0yT2EguSVO1nDgU5c8+ZOPwp2vMNa7YFsJhVcDR9Sdg==",
      "license": "MIT"
    },
    "node_modules/highs": {
      "version": "1.8.0",
      "resolved": "https://registry.npmjs.org/highs/-/highs-1.8.0.tgz",
      "integrity": "sha512-0QFXXjU/mxU1y3Ec44QpESq6STkPauNDfIPf0welcUGjilpVYnfH9RepBvr0t9YDQPUniIcZTX9xyxqxF668ag==",
      "license": "MIT"
    },
    "node_modules/yalps": {
      "version": "0.5.6",
      "resolved": "https://registry.npmjs.org/yalps/-/yalps-0.5.6.tgz",
      "integrity": "sha512-pqjmZGtEBAYuTR03G8SWVvR9vAyBBfSKup82CEJRx2Bta5j/1fRT29kwYdL2NaensQ5ugrYGLdHupNsYWPKGQg==",
      "license": "MIT",
      "dependencies": {
        "heap": "^0.2.7"
      }
    }
  }
}
